
Microsoft Visual Studio Solution File, Format Version 12.00
# Visual Studio Version 16
VisualStudioVersion = 16.0.31613.86
MinimumVisualStudioVersion = 10.0.40219.1
Project("{FAE04EC0-301F-11D3-BF4B-00C04F79EFBC}") = "CIAnalyzer", "CIAnalyzer\CIAnalyzer.csproj", "{15E21830-B348-448C-BBE7-EC284516C355}"
EndProject
Global
	GlobalSection(SolutionConfigurationPlatforms) = preSolution
		Debug|Any CPU = Debug|Any CPU
		Release|Any CPU = Release|Any CPU
	EndGlobalSection
	GlobalSection(ProjectConfigurationPlatforms) = postSolution
		{15E21830-B348-448C-BBE7-EC284516C355}.Debug|Any CPU.ActiveCfg = Debug|Any CPU
		{15E21830-B348-448C-BBE7-EC284516C355}.Debug|Any CPU.Build.0 = Debug|Any CPU
		{15E21830-B348-448C-BBE7-EC284516C355}.Release|Any CPU.ActiveCfg = Release|Any CPU
		{15E21830-B348-448C-BBE7-EC284516C355}.Release|Any CPU.Build.0 = Release|Any CPU
	EndGlobalSection
	GlobalSection(SolutionProperties) = preSolution
		HideSolutionNode = FALSE
	EndGlobalSection
	GlobalSection(ExtensibilityGlobals) = postSolution
		SolutionGuid = {F6D24744-ADE8-4BB4-AFB1-27B6F464DD7F}
	EndGlobalSection
EndGlobal
